<?xml version="1.0" encoding="utf-8"?>
<Project ToolsVersion="4.0" xmlns="http://schemas.microsoft.com/developer/msbuild/2003">
  <ItemGroup>
    <Filter Include="Source Files">
      <UniqueIdentifier>{4FC737F1-C7A5-4376-A066-2A32D752A2FF}</UniqueIdentifier>
      <Extensions>cpp;c;cc;cxx;c++;cppm;ixx;def;odl;idl;hpj;bat;asm;asmx</Extensions>
    </Filter>
    <Filter Include="Header Files">
      <UniqueIdentifier>{93995380-89BD-4b04-88EB-625FBE52EBFB}</UniqueIdentifier>
      <Extensions>h;hh;hpp;hxx;h++;hm;inl;inc;ipp;xsd</Extensions>
    </Filter>
    <Filter Include="Resource Files">
      <UniqueIdentifier>{67DA6AB6-F800-4c08-8B7A-83BB121AAD01}</UniqueIdentifier>
      <Extensions>rc;ico;cur;bmp;dlg;rc2;rct;bin;rgs;gif;jpg;jpeg;jpe;resx;tiff;tif;png;wav;mfcribbon-ms</Extensions>
    </Filter>
    <Filter Include="Header Files\qptr">
      <UniqueIdentifier>{22165e0f-4e3e-4d86-a0f7-dc1980da31e3}</UniqueIdentifier>
    </Filter>
    <Filter Include="Header Files\qptr\profiler">
      <UniqueIdentifier>{0c21efae-f49c-473c-b575-91703679fe74}</UniqueIdentifier>
    </Filter>
    <Filter Include="Header Files\qptr\profiler\analyzers">
      <UniqueIdentifier>{57724bda-1a9b-46ef-9afb-433b41a248f8}</UniqueIdentifier>
    </Filter>
    <Filter Include="Header Files\qptr\profiler\analyzers\basic">
      <UniqueIdentifier>{86ca8174-614c-4dd2-a073-edac21542919}</UniqueIdentifier>
    </Filter>
    <Filter Include="Header Files\qptr\profiler\detail">
      <UniqueIdentifier>{11051c2d-40b2-4111-a38d-8d05b3ddd404}</UniqueIdentifier>
    </Filter>
  </ItemGroup>
  <ItemGroup>
    <ClCompile Include="..\..\..\..\tests\fuzz_tests\profiler_fuzz_tests_main.cpp">
      <Filter>Source Files</Filter>
    </ClCompile>
  </ItemGroup>
  <ItemGroup>
    <ClInclude Include="..\..\..\..\include\qptr\profiler\analyzer.hpp">
      <Filter>Header Files\qptr\profiler</Filter>
    </ClInclude>
    <ClInclude Include="..\..\..\..\include\qptr\profiler\profile.hpp">
      <Filter>Header Files\qptr\profiler</Filter>
    </ClInclude>
    <ClInclude Include="..\..\..\..\include\qptr\profiler\version.hpp">
      <Filter>Header Files\qptr\profiler</Filter>
    </ClInclude>
    <ClInclude Include="..\..\..\..\include\qptr\profiler\analyzers\basic\analyzer.hpp">
      <Filter>Header Files\qptr\profiler\analyzers\basic</Filter>
    </ClInclude>
    <ClInclude Include="..\..\..\..\include\qptr\profiler\analyzers\basic\json_output.hpp">
      <Filter>Header Files\qptr\profiler\analyzers\basic</Filter>
    </ClInclude>
    <ClInclude Include="..\..\..\..\include\qptr\profiler\analyzers\basic\output.hpp">
      <Filter>Header Files\qptr\profiler\analyzers\basic</Filter>
    </ClInclude>
    <ClInclude Include="..\..\..\..\include\qptr\profiler\detail\clock.hpp">
      <Filter>Header Files\qptr\profiler\detail</Filter>
    </ClInclude>
    <ClInclude Include="..\..\..\..\include\qptr\profiler\detail\event.hpp">
      <Filter>Header Files\qptr\profiler\detail</Filter>
    </ClInclude>
    <ClInclude Include="..\..\..\..\include\qptr\profiler\detail\events.hpp">
      <Filter>Header Files\qptr\profiler\detail</Filter>
    </ClInclude>
    <ClInclude Include="..\..\..\..\include\qptr\profiler\detail\global_profiler.hpp">
      <Filter>Header Files\qptr\profiler\detail</Filter>
    </ClInclude>
    <ClInclude Include="..\..\..\..\include\qptr\profiler\detail\json_writer.hpp">
      <Filter>Header Files\qptr\profiler\detail</Filter>
    </ClInclude>
    <ClInclude Include="..\..\..\..\include\qptr\profiler\detail\scope_helper.hpp">
      <Filter>Header Files\qptr\profiler\detail</Filter>
    </ClInclude>
    <ClInclude Include="..\..\..\..\include\qptr\profiler\detail\thread_entries.hpp">
      <Filter>Header Files\qptr\profiler\detail</Filter>
    </ClInclude>
    <ClInclude Include="..\..\..\..\include\qptr\profiler\detail\thread_profiler.hpp">
      <Filter>Header Files\qptr\profiler\detail</Filter>
    </ClInclude>
  </ItemGroup>
</Project>