<?xml version="1.0" encoding="utf-8"?>
<Project ToolsVersion="4.0" xmlns="http://schemas.microsoft.com/developer/msbuild/2003">
  <ItemGroup>
    <Filter Include="Source Files">
      <UniqueIdentifier>{4FC737F1-C7A5-4376-A066-2A32D752A2FF}</UniqueIdentifier>
      <Extensions>cpp;c;cc;cxx;c++;cppm;ixx;def;odl;idl;hpj;bat;asm;asmx</Extensions>
    </Filter>
    <Filter Include="Header Files">
      <UniqueIdentifier>{93995380-89BD-4b04-88EB-625FBE52EBFB}</UniqueIdentifier>
      <Extensions>h;hh;hpp;hxx;h++;hm;inl;inc;ipp;xsd</Extensions>
    </Filter>
    <Filter Include="Resource Files">
      <UniqueIdentifier>{67DA6AB6-F800-4c08-8B7A-83BB121AAD01}</UniqueIdentifier>
      <Extensions>rc;ico;cur;bmp;dlg;rc2;rct;bin;rgs;gif;jpg;jpeg;jpe;resx;tiff;tif;png;wav;mfcribbon-ms</Extensions>
    </Filter>
    <Filter Include="Header Files\qptr">
      <UniqueIdentifier>{22165e0f-4e3e-4d86-a0f7-dc1980da31e3}</UniqueIdentifier>
    </Filter>
    <Filter Include="Header Files\qptr\profiler">
      <UniqueIdentifier>{8d77286c-5091-438b-890b-5d46b8b23ebd}</UniqueIdentifier>
    </Filter>
    <Filter Include="Header Files\qptr\profiler\analyzers">
      <UniqueIdentifier>{ab19e89c-5558-4a9a-85dc-c1b4aeb15ae7}</UniqueIdentifier>
    </Filter>
    <Filter Include="Header Files\qptr\profiler\analyzers\basic">
      <UniqueIdentifier>{34b3e9eb-24ef-40a3-b27d-9545eb9c0387}</UniqueIdentifier>
    </Filter>
    <Filter Include="Header Files\qptr\profiler\detail">
      <UniqueIdentifier>{a082acf3-553f-4a5f-9bcc-7ddeb894f1fe}</UniqueIdentifier>
    </Filter>
  </ItemGroup>
  <ItemGroup>
    <ClCompile Include="..\..\..\..\tests\unit_tests\profiler_unit_tests_main.cpp">
      <Filter>Source Files</Filter>
    </ClCompile>
    <ClCompile Include="$(CPP_CONTRIBS_PATH)\catch2\catch_amalgamated.cpp">
      <Filter>Source Files</Filter>
    </ClCompile>
  </ItemGroup>
  <ItemGroup>
    <ClInclude Include="..\..\..\..\include\qptr\profiler\analyzer.hpp">
      <Filter>Header Files\qptr\profiler</Filter>
    </ClInclude>
    <ClInclude Include="..\..\..\..\include\qptr\profiler\profile.hpp">
      <Filter>Header Files\qptr\profiler</Filter>
    </ClInclude>
    <ClInclude Include="..\..\..\..\include\qptr\profiler\version.hpp">
      <Filter>Header Files\qptr\profiler</Filter>
    </ClInclude>
    <ClInclude Include="..\..\..\..\include\qptr\profiler\analyzers\basic\analyzer.hpp">
      <Filter>Header Files\qptr\profiler\analyzers\basic</Filter>
    </ClInclude>
    <ClInclude Include="..\..\..\..\include\qptr\profiler\analyzers\basic\json_output.hpp">
      <Filter>Header Files\qptr\profiler\analyzers\basic</Filter>
    </ClInclude>
    <ClInclude Include="..\..\..\..\include\qptr\profiler\analyzers\basic\output.hpp">
      <Filter>Header Files\qptr\profiler\analyzers\basic</Filter>
    </ClInclude>
    <ClInclude Include="..\..\..\..\include\qptr\profiler\detail\clock.hpp">
      <Filter>Header Files\qptr\profiler\detail</Filter>
    </ClInclude>
    <ClInclude Include="..\..\..\..\include\qptr\profiler\detail\event.hpp">
      <Filter>Header Files\qptr\profiler\detail</Filter>
    </ClInclude>
    <ClInclude Include="..\..\..\..\include\qptr\profiler\detail\events.hpp">
      <Filter>Header Files\qptr\profiler\detail</Filter>
    </ClInclude>
    <ClInclude Include="..\..\..\..\include\qptr\profiler\detail\global_profiler.hpp">
      <Filter>Header Files\qptr\profiler\detail</Filter>
    </ClInclude>
    <ClInclude Include="..\..\..\..\include\qptr\profiler\detail\json_writer.hpp">
      <Filter>Header Files\qptr\profiler\detail</Filter>
    </ClInclude>
    <ClInclude Include="..\..\..\..\include\qptr\profiler\detail\scope_helper.hpp">
      <Filter>Header Files\qptr\profiler\detail</Filter>
    </ClInclude>
    <ClInclude Include="..\..\..\..\include\qptr\profiler\detail\thread_entries.hpp">
      <Filter>Header Files\qptr\profiler\detail</Filter>
    </ClInclude>
    <ClInclude Include="..\..\..\..\include\qptr\profiler\detail\thread_profiler.hpp">
      <Filter>Header Files\qptr\profiler\detail</Filter>
    </ClInclude>
  </ItemGroup>
</Project>